dependencies:
  espressif/esp-zboss-lib:
    component_hash: 321883d142421f65009972408287441794250057668a11abbdfd8bec77c3309a
    dependencies:
    - name: idf
      require: private
      version: '>=5.0'
    source:
      registry_url: https://components.espressif.com/
      type: service
    version: 1.6.4
  espressif/esp-zigbee-lib:
    component_hash: 4b023e171bd89d9f6ee2bd9fa63e569c9cfc7f6885d849b566b88cbfcbd37176
    dependencies:
    - name: idf
      require: private
      version: '>=5.0'
    source:
      registry_url: https://components.espressif.com/
      type: service
    version: 1.6.4
  idf:
    source:
      type: idf
    version: 5.5.3
direct_dependencies:
- espressif/esp-zboss-lib
- espressif/esp-zigbee-lib
manifest_hash: 893e7e9c917c6421bf46938f21500c07bcebf81615b51926b0bd6946cdae91d1
target: esp32c6
version: 2.0.0
